<Solution>
  <Project Path="{{PROJECT_NAME}}.Core/{{PROJECT_NAME}}.Core.csproj" />
  <Project Path="{{PROJECT_NAME}}.ConsoleApp/{{PROJECT_NAME}}.ConsoleApp.csproj" />
  <Project Path="../tests/{{PROJECT_NAME}}.Core/{{PROJECT_NAME}}.Core.Tests.csproj" />
  <Project Path="../tests/{{PROJECT_NAME}}.ConsoleApp/{{PROJECT_NAME}}.ConsoleApp.Tests.csproj" />
</Solution>
